
Microsoft Visual Studio Solution File, Format Version 12.00
# Visual Studio Version 16
VisualStudioVersion = 16.0.30320.27
MinimumVisualStudioVersion = 10.0.40219.1
Project("{888888A0-9F3D-457C-B088-3A5042F75D52}") = "WebProjectPythonTrial", "WebProjectPythonTrial\WebProjectPythonTrial.pyproj", "{7D9FB197-3995-4CF1-81A8-E0BFCF974A2B}"
EndProject
Global
	GlobalSection(SolutionConfigurationPlatforms) = preSolution
		Debug|Any CPU = Debug|Any CPU
		Release|Any CPU = Release|Any CPU
	EndGlobalSection
	GlobalSection(ProjectConfigurationPlatforms) = postSolution
		{7D9FB197-3995-4CF1-81A8-E0BFCF974A2B}.Debug|Any CPU.ActiveCfg = Debug|Any CPU
		{7D9FB197-3995-4CF1-81A8-E0BFCF974A2B}.Debug|Any CPU.Build.0 = Debug|Any CPU
		{7D9FB197-3995-4CF1-81A8-E0BFCF974A2B}.Release|Any CPU.ActiveCfg = Release|Any CPU
		{7D9FB197-3995-4CF1-81A8-E0BFCF974A2B}.Release|Any CPU.Build.0 = Release|Any CPU
	EndGlobalSection
	GlobalSection(SolutionProperties) = preSolution
		HideSolutionNode = FALSE
	EndGlobalSection
	GlobalSection(ExtensibilityGlobals) = postSolution
		SolutionGuid = {DEC2A9B7-5DB5-46B5-A6D9-ACD092A14826}
	EndGlobalSection
EndGlobal
