
Microsoft Visual Studio Solution File, Format Version 12.00
# Visual Studio Version 16
VisualStudioVersion = 16.0.30320.27
MinimumVisualStudioVersion = 10.0.40219.1
Project("{FAE04EC0-301F-11D3-BF4B-00C04F79EFBC}") = "UserAdmin", "UserAdmin\UserAdmin.csproj", "{99CC04E6-75FB-4EBC-A174-539B319CF72A}"
EndProject
Global
	GlobalSection(SolutionConfigurationPlatforms) = preSolution
		Debug|Any CPU = Debug|Any CPU
		Release|Any CPU = Release|Any CPU
	EndGlobalSection
	GlobalSection(ProjectConfigurationPlatforms) = postSolution
		{99CC04E6-75FB-4EBC-A174-539B319CF72A}.Debug|Any CPU.ActiveCfg = Debug|Any CPU
		{99CC04E6-75FB-4EBC-A174-539B319CF72A}.Debug|Any CPU.Build.0 = Debug|Any CPU
		{99CC04E6-75FB-4EBC-A174-539B319CF72A}.Release|Any CPU.ActiveCfg = Release|Any CPU
		{99CC04E6-75FB-4EBC-A174-539B319CF72A}.Release|Any CPU.Build.0 = Release|Any CPU
	EndGlobalSection
	GlobalSection(SolutionProperties) = preSolution
		HideSolutionNode = FALSE
	EndGlobalSection
	GlobalSection(ExtensibilityGlobals) = postSolution
		SolutionGuid = {019F0248-2781-45E6-A06F-292267DAD3C9}
	EndGlobalSection
EndGlobal
